%{
  "absinthe": {:hex, :absinthe, "1.5.2", "2f9449b0c135ea61c09c11968d3d4fe6abd5bed38cf9be1c6d6b7c5ec858cfa0", [:mix], [{:dataloader, "~> 1.0.0", [hex: :dataloader, repo: "hexpm", optional: true]}, {:decimal, "~> 1.0", [hex: :decimal, repo: "hexpm", optional: true]}, {:nimble_parsec, "~> 0.5", [hex: :nimble_parsec, repo: "hexpm", optional: false]}, {:telemetry, "~> 0.4.0", [hex: :telemetry, repo: "hexpm", optional: false]}], "hexpm", "669c84879629b7fffdc6cda9361ab9c81c9c7691e65418ba089b912a227963ac"},
  "decimal": {:hex, :decimal, "1.8.1", "a4ef3f5f3428bdbc0d35374029ffcf4ede8533536fa79896dd450168d9acdf3c", [:mix], [], "hexpm", "3cb154b00225ac687f6cbd4acc4b7960027c757a5152b369923ead9ddbca7aec"},
  "ecto": {:hex, :ecto, "3.4.5", "2bcd262f57b2c888b0bd7f7a28c8a48aa11dc1a2c6a858e45dd8f8426d504265", [:mix], [{:decimal, "~> 1.6 or ~> 2.0", [hex: :decimal, repo: "hexpm", optional: false]}, {:jason, "~> 1.0", [hex: :jason, repo: "hexpm", optional: true]}, {:telemetry, "~> 0.4", [hex: :telemetry, repo: "hexpm", optional: false]}], "hexpm", "8c6d1d4d524559e9b7a062f0498e2c206122552d63eacff0a6567ffe7a8e8691"},
  "jason": {:hex, :jason, "1.2.1", "12b22825e22f468c02eb3e4b9985f3d0cb8dc40b9bd704730efa11abd2708c44", [:mix], [{:decimal, "~> 1.0", [hex: :decimal, repo: "hexpm", optional: true]}], "hexpm", "b659b8571deedf60f79c5a608e15414085fa141344e2716fbd6988a084b5f993"},
  "nimble_parsec": {:hex, :nimble_parsec, "0.6.0", "32111b3bf39137144abd7ba1cce0914533b2d16ef35e8abc5ec8be6122944263", [:mix], [], "hexpm", "27eac315a94909d4dc68bc07a4a83e06c8379237c5ea528a9acff4ca1c873c52"},
  "telemetry": {:hex, :telemetry, "0.4.2", "2808c992455e08d6177322f14d3bdb6b625fbcfd233a73505870d8738a2f4599", [:rebar3], [], "hexpm", "2d1419bd9dda6a206d7b5852179511722e2b18812310d304620c7bd92a13fcef"},
}
